
Microsoft Visual Studio Solution File, Format Version 12.00
# Visual Studio Version 16
VisualStudioVersion = 16.0.29709.97
MinimumVisualStudioVersion = 10.0.40219.1
Project("{FAE04EC0-301F-11D3-BF4B-00C04F79EFBC}") = "Shmessenger", "Shmessenger\Shmessenger.csproj", "{E083EA3B-368B-4135-A2F3-09F3B371782C}"
EndProject
Global
	GlobalSection(SolutionConfigurationPlatforms) = preSolution
		Debug|Any CPU = Debug|Any CPU
		Release|Any CPU = Release|Any CPU
	EndGlobalSection
	GlobalSection(ProjectConfigurationPlatforms) = postSolution
		{E083EA3B-368B-4135-A2F3-09F3B371782C}.Debug|Any CPU.ActiveCfg = Debug|Any CPU
		{E083EA3B-368B-4135-A2F3-09F3B371782C}.Debug|Any CPU.Build.0 = Debug|Any CPU
		{E083EA3B-368B-4135-A2F3-09F3B371782C}.Release|Any CPU.ActiveCfg = Release|Any CPU
		{E083EA3B-368B-4135-A2F3-09F3B371782C}.Release|Any CPU.Build.0 = Release|Any CPU
	EndGlobalSection
	GlobalSection(SolutionProperties) = preSolution
		HideSolutionNode = FALSE
	EndGlobalSection
	GlobalSection(ExtensibilityGlobals) = postSolution
		SolutionGuid = {03AABEF2-00D2-490D-83EB-C62CC9FBA482}
	EndGlobalSection
EndGlobal
